
Microsoft Visual Studio Solution File, Format Version 12.00
# Visual Studio Version 17
VisualStudioVersion = 17.2.32630.192
MinimumVisualStudioVersion = 10.0.40219.1
Project("{2150E333-8FDC-42A3-9474-1A3956D46DE8}") = "ProgrammingChallenges", "ProgrammingChallenges", "{04216A0D-7FD5-4BDF-9DA5-01374645A70B}"
EndProject
Project("{2150E333-8FDC-42A3-9474-1A3956D46DE8}") = "Unit3", "Unit3", "{8A95504C-3DA2-460C-99B3-B580BF779038}"
EndProject
Project("{FAE04EC0-301F-11D3-BF4B-00C04F79EFBC}") = "RestaurantBill", "RestaurantBill\RestaurantBill.csproj", "{3D47BC3E-5E87-4038-8797-5C4766343537}"
EndProject
Project("{FAE04EC0-301F-11D3-BF4B-00C04F79EFBC}") = "SalesPrediction", "SalesPrediction\SalesPrediction.csproj", "{EC5AEDD1-1B59-4374-BA52-0E8C8E808711}"
EndProject
Project("{FAE04EC0-301F-11D3-BF4B-00C04F79EFBC}") = "SalesTax", "SalesTax\SalesTax.csproj", "{36F95129-F620-48C2-8949-BDE946642042}"
EndProject
Project("{FAE04EC0-301F-11D3-BF4B-00C04F79EFBC}") = "SumOfTwoNumbers", "SumOfTwoNumbers\SumOfTwoNumbers.csproj", "{863F55FD-95D2-4D5F-AABE-70AAFC4968B4}"
EndProject
Project("{2150E333-8FDC-42A3-9474-1A3956D46DE8}") = "Unit4", "Unit4", "{73893C66-3EF4-4174-B577-AB698785158A}"
EndProject
Project("{FAE04EC0-301F-11D3-BF4B-00C04F79EFBC}") = "StockTransactionProgram", "StockTransactionProgram\StockTransactionProgram.csproj", "{7E31EFCB-F9EA-46B5-9813-FCAE733461A2}"
EndProject
Project("{FAE04EC0-301F-11D3-BF4B-00C04F79EFBC}") = "HouseholdCosts", "HouseholdCosts\HouseholdCosts.csproj", "{DE489030-BFF7-4E05-A364-1D307914AE93}"
EndProject
Project("{FAE04EC0-301F-11D3-BF4B-00C04F79EFBC}") = "CelcsiusToFahrenheit", "CelcsiusToFahrenheit\CelcsiusToFahrenheit.csproj", "{79712327-2EE0-45B0-BE65-126F0B87C423}"
EndProject
Project("{2150E333-8FDC-42A3-9474-1A3956D46DE8}") = "Unit5", "Unit5", "{CFC80197-727B-4AF5-9623-155B5EB07CA0}"
EndProject
Project("{FAE04EC0-301F-11D3-BF4B-00C04F79EFBC}") = "BankCharges", "BankCharges\BankCharges.csproj", "{87DF9F03-3B6B-4DCE-946C-E91CBDBF5C8F}"
EndProject
Project("{FAE04EC0-301F-11D3-BF4B-00C04F79EFBC}") = "GeometryCalculator", "GeometryCalculator\GeometryCalculator.csproj", "{36A5AF95-F267-4B5B-A78D-10ABF71C54B2}"
EndProject
Project("{FAE04EC0-301F-11D3-BF4B-00C04F79EFBC}") = "GeometryCalculatorSwitch", "GeometryCalculatorSwitch\GeometryCalculatorSwitch.csproj", "{ECC33F22-F957-48DD-A3BA-BB8E516E06DF}"
EndProject
Project("{FAE04EC0-301F-11D3-BF4B-00C04F79EFBC}") = "SoftwareSales", "SoftwareSales\SoftwareSales.csproj", "{B1CFDCCD-D6FE-4AF5-B266-977061696B0D}"
EndProject
Global
	GlobalSection(SolutionConfigurationPlatforms) = preSolution
		Debug|Any CPU = Debug|Any CPU
		Release|Any CPU = Release|Any CPU
	EndGlobalSection
	GlobalSection(ProjectConfigurationPlatforms) = postSolution
		{3D47BC3E-5E87-4038-8797-5C4766343537}.Debug|Any CPU.ActiveCfg = Debug|Any CPU
		{3D47BC3E-5E87-4038-8797-5C4766343537}.Debug|Any CPU.Build.0 = Debug|Any CPU
		{3D47BC3E-5E87-4038-8797-5C4766343537}.Release|Any CPU.ActiveCfg = Release|Any CPU
		{3D47BC3E-5E87-4038-8797-5C4766343537}.Release|Any CPU.Build.0 = Release|Any CPU
		{EC5AEDD1-1B59-4374-BA52-0E8C8E808711}.Debug|Any CPU.ActiveCfg = Debug|Any CPU
		{EC5AEDD1-1B59-4374-BA52-0E8C8E808711}.Debug|Any CPU.Build.0 = Debug|Any CPU
		{EC5AEDD1-1B59-4374-BA52-0E8C8E808711}.Release|Any CPU.ActiveCfg = Release|Any CPU
		{EC5AEDD1-1B59-4374-BA52-0E8C8E808711}.Release|Any CPU.Build.0 = Release|Any CPU
		{36F95129-F620-48C2-8949-BDE946642042}.Debug|Any CPU.ActiveCfg = Debug|Any CPU
		{36F95129-F620-48C2-8949-BDE946642042}.Debug|Any CPU.Build.0 = Debug|Any CPU
		{36F95129-F620-48C2-8949-BDE946642042}.Release|Any CPU.ActiveCfg = Release|Any CPU
		{36F95129-F620-48C2-8949-BDE946642042}.Release|Any CPU.Build.0 = Release|Any CPU
		{863F55FD-95D2-4D5F-AABE-70AAFC4968B4}.Debug|Any CPU.ActiveCfg = Debug|Any CPU
		{863F55FD-95D2-4D5F-AABE-70AAFC4968B4}.Debug|Any CPU.Build.0 = Debug|Any CPU
		{863F55FD-95D2-4D5F-AABE-70AAFC4968B4}.Release|Any CPU.ActiveCfg = Release|Any CPU
		{863F55FD-95D2-4D5F-AABE-70AAFC4968B4}.Release|Any CPU.Build.0 = Release|Any CPU
		{7E31EFCB-F9EA-46B5-9813-FCAE733461A2}.Debug|Any CPU.ActiveCfg = Debug|Any CPU
		{7E31EFCB-F9EA-46B5-9813-FCAE733461A2}.Debug|Any CPU.Build.0 = Debug|Any CPU
		{7E31EFCB-F9EA-46B5-9813-FCAE733461A2}.Release|Any CPU.ActiveCfg = Release|Any CPU
		{7E31EFCB-F9EA-46B5-9813-FCAE733461A2}.Release|Any CPU.Build.0 = Release|Any CPU
		{DE489030-BFF7-4E05-A364-1D307914AE93}.Debug|Any CPU.ActiveCfg = Debug|Any CPU
		{DE489030-BFF7-4E05-A364-1D307914AE93}.Debug|Any CPU.Build.0 = Debug|Any CPU
		{DE489030-BFF7-4E05-A364-1D307914AE93}.Release|Any CPU.ActiveCfg = Release|Any CPU
		{DE489030-BFF7-4E05-A364-1D307914AE93}.Release|Any CPU.Build.0 = Release|Any CPU
		{79712327-2EE0-45B0-BE65-126F0B87C423}.Debug|Any CPU.ActiveCfg = Debug|Any CPU
		{79712327-2EE0-45B0-BE65-126F0B87C423}.Debug|Any CPU.Build.0 = Debug|Any CPU
		{79712327-2EE0-45B0-BE65-126F0B87C423}.Release|Any CPU.ActiveCfg = Release|Any CPU
		{79712327-2EE0-45B0-BE65-126F0B87C423}.Release|Any CPU.Build.0 = Release|Any CPU
		{87DF9F03-3B6B-4DCE-946C-E91CBDBF5C8F}.Debug|Any CPU.ActiveCfg = Debug|Any CPU
		{87DF9F03-3B6B-4DCE-946C-E91CBDBF5C8F}.Debug|Any CPU.Build.0 = Debug|Any CPU
		{87DF9F03-3B6B-4DCE-946C-E91CBDBF5C8F}.Release|Any CPU.ActiveCfg = Release|Any CPU
		{87DF9F03-3B6B-4DCE-946C-E91CBDBF5C8F}.Release|Any CPU.Build.0 = Release|Any CPU
		{36A5AF95-F267-4B5B-A78D-10ABF71C54B2}.Debug|Any CPU.ActiveCfg = Debug|Any CPU
		{36A5AF95-F267-4B5B-A78D-10ABF71C54B2}.Debug|Any CPU.Build.0 = Debug|Any CPU
		{36A5AF95-F267-4B5B-A78D-10ABF71C54B2}.Release|Any CPU.ActiveCfg = Release|Any CPU
		{36A5AF95-F267-4B5B-A78D-10ABF71C54B2}.Release|Any CPU.Build.0 = Release|Any CPU
		{ECC33F22-F957-48DD-A3BA-BB8E516E06DF}.Debug|Any CPU.ActiveCfg = Debug|Any CPU
		{ECC33F22-F957-48DD-A3BA-BB8E516E06DF}.Debug|Any CPU.Build.0 = Debug|Any CPU
		{ECC33F22-F957-48DD-A3BA-BB8E516E06DF}.Release|Any CPU.ActiveCfg = Release|Any CPU
		{ECC33F22-F957-48DD-A3BA-BB8E516E06DF}.Release|Any CPU.Build.0 = Release|Any CPU
		{B1CFDCCD-D6FE-4AF5-B266-977061696B0D}.Debug|Any CPU.ActiveCfg = Debug|Any CPU
		{B1CFDCCD-D6FE-4AF5-B266-977061696B0D}.Debug|Any CPU.Build.0 = Debug|Any CPU
		{B1CFDCCD-D6FE-4AF5-B266-977061696B0D}.Release|Any CPU.ActiveCfg = Release|Any CPU
		{B1CFDCCD-D6FE-4AF5-B266-977061696B0D}.Release|Any CPU.Build.0 = Release|Any CPU
	EndGlobalSection
	GlobalSection(SolutionProperties) = preSolution
		HideSolutionNode = FALSE
	EndGlobalSection
	GlobalSection(NestedProjects) = preSolution
		{8A95504C-3DA2-460C-99B3-B580BF779038} = {04216A0D-7FD5-4BDF-9DA5-01374645A70B}
		{3D47BC3E-5E87-4038-8797-5C4766343537} = {8A95504C-3DA2-460C-99B3-B580BF779038}
		{EC5AEDD1-1B59-4374-BA52-0E8C8E808711} = {8A95504C-3DA2-460C-99B3-B580BF779038}
		{36F95129-F620-48C2-8949-BDE946642042} = {8A95504C-3DA2-460C-99B3-B580BF779038}
		{863F55FD-95D2-4D5F-AABE-70AAFC4968B4} = {8A95504C-3DA2-460C-99B3-B580BF779038}
		{73893C66-3EF4-4174-B577-AB698785158A} = {04216A0D-7FD5-4BDF-9DA5-01374645A70B}
		{7E31EFCB-F9EA-46B5-9813-FCAE733461A2} = {73893C66-3EF4-4174-B577-AB698785158A}
		{DE489030-BFF7-4E05-A364-1D307914AE93} = {73893C66-3EF4-4174-B577-AB698785158A}
		{79712327-2EE0-45B0-BE65-126F0B87C423} = {73893C66-3EF4-4174-B577-AB698785158A}
		{CFC80197-727B-4AF5-9623-155B5EB07CA0} = {04216A0D-7FD5-4BDF-9DA5-01374645A70B}
		{87DF9F03-3B6B-4DCE-946C-E91CBDBF5C8F} = {CFC80197-727B-4AF5-9623-155B5EB07CA0}
		{36A5AF95-F267-4B5B-A78D-10ABF71C54B2} = {CFC80197-727B-4AF5-9623-155B5EB07CA0}
		{ECC33F22-F957-48DD-A3BA-BB8E516E06DF} = {CFC80197-727B-4AF5-9623-155B5EB07CA0}
		{B1CFDCCD-D6FE-4AF5-B266-977061696B0D} = {CFC80197-727B-4AF5-9623-155B5EB07CA0}
	EndGlobalSection
	GlobalSection(ExtensibilityGlobals) = postSolution
		SolutionGuid = {E4AB680F-0FB5-4A97-BC1E-674563318EF6}
	EndGlobalSection
EndGlobal
